schema: '2.0'
stages:
  data_collection:
    cmd: python src/data/data_collection.py
    deps:
    - path: data/external/loan_data.csv
      hash: md5
      md5: 944386d30ab3fc923d0abe3e578be7a4
      size: 26276
    - path: params.yaml
      hash: md5
      md5: 1a82ce3dc1aaafa74e88288f1b074efe
      size: 192
    - path: src/data/data_collection.py
      hash: md5
      md5: d14642ba099f8a598a53d6df545d2beb
      size: 1839
    params:
      params.yaml:
        data_collection.random_state_param: 42
        data_collection.test_size_param: 0.3
    outs:
    - path: data/raw/test.csv
      hash: md5
      md5: 4a4d72e0db678a816c164ef76649aa5d
      size: 8046
    - path: data/raw/train.csv
      hash: md5
      md5: 1ee089caee13d376c8f1390cf129618f
      size: 18391
  data_prep:
    cmd: python src/data/data_prep.py
    deps:
    - path: data/raw/test.csv
      hash: md5
      md5: 4a4d72e0db678a816c164ef76649aa5d
      size: 8046
    - path: data/raw/train.csv
      hash: md5
      md5: 1ee089caee13d376c8f1390cf129618f
      size: 18391
    - path: src/data/data_prep.py
      hash: md5
      md5: 427d21c4cb93eab8a6a5083baecbc0e5
      size: 2462
    outs:
    - path: data/processed/test_processed.csv
      hash: md5
      md5: 01de96ca96aa72a584e2e08260303372
      size: 4932
    - path: data/processed/train_processed.csv
      hash: md5
      md5: e4cda35e27ffe5879ff3294026f98dcc
      size: 11264
  model_building:
    cmd: python src/models/model_build.py
    deps:
    - path: data/processed/train_processed.csv
      hash: md5
      md5: e4cda35e27ffe5879ff3294026f98dcc
      size: 11264
    - path: src/models/model_build.py
      hash: md5
      md5: 3f7dde2a15dff6c46369d8fd3c4eeaa3
      size: 2665
    outs:
    - path: models/model.pkl
      hash: md5
      md5: 0335725d32a38a759d8d3aec24160ed0
      size: 659145
  model_evaluation:
    cmd: python src/models/model_eval.py
    deps:
    - path: data/processed/test_processed.csv
      hash: md5
      md5: 01de96ca96aa72a584e2e08260303372
      size: 4932
    - path: models/model.pkl
      hash: md5
      md5: 0335725d32a38a759d8d3aec24160ed0
      size: 659145
    - path: src/models/model_eval.py
      hash: md5
      md5: 7dcd9c92701807689407ea2cf65dbaf6
      size: 1249
    outs:
    - path: reports/metrics.json
      hash: md5
      md5: 46e6a1ce799b082b2fa8252dad051936
      size: 119
